Microsoft Visual Studio Solution File, Format Version 12.00
# Visual Studio Version 17
VisualStudioVersion = 17.5.2.0
MinimumVisualStudioVersion = 10.0.40219.1
Project("{FAE04EC0-301F-11D3-BF4B-00C04F79EFBC}") = "jp54", "jp54.csproj", "{88230767-D11D-9E3E-3EB6-743D684E63B1}"
EndProject
Global
	GlobalSection(SolutionConfigurationPlatforms) = preSolution
		Debug|Any CPU = Debug|Any CPU
		Release|Any CPU = Release|Any CPU
	EndGlobalSection
	GlobalSection(ProjectConfigurationPlatforms) = postSolution
		{88230767-D11D-9E3E-3EB6-743D684E63B1}.Debug|Any CPU.ActiveCfg = Debug|Any CPU
		{88230767-D11D-9E3E-3EB6-743D684E63B1}.Debug|Any CPU.Build.0 = Debug|Any CPU
		{88230767-D11D-9E3E-3EB6-743D684E63B1}.Release|Any CPU.ActiveCfg = Release|Any CPU
		{88230767-D11D-9E3E-3EB6-743D684E63B1}.Release|Any CPU.Build.0 = Release|Any CPU
	EndGlobalSection
	GlobalSection(SolutionProperties) = preSolution
		HideSolutionNode = FALSE
	EndGlobalSection
	GlobalSection(ExtensibilityGlobals) = postSolution
		SolutionGuid = {4C39107A-6F0F-4349-BBED-A4319BC18574}
	EndGlobalSection
EndGlobal
